
Microsoft Visual Studio Solution File, Format Version 12.00
# Visual Studio 14
VisualStudioVersion = 14.0.25420.1
MinimumVisualStudioVersion = 10.0.40219.1
Project("{F088123C-0E9E-452A-89E6-6BA2F21D5CAC}") = "Model", "Model\Model.modelproj", "{4DF1AE52-E3B6-4EE2-8A36-3B02F61BB4C3}"
EndProject
Project("{FAE04EC0-301F-11D3-BF4B-00C04F79EFBC}") = "Console", "Console\Console.csproj", "{D8E090B9-910A-4E0B-AB55-1E10A96B48EB}"
EndProject
Project("{FAE04EC0-301F-11D3-BF4B-00C04F79EFBC}") = "ModelLib", "ModelLib\ModelLib.csproj", "{E4C9B3DD-75F0-4550-8442-56D677FF6D14}"
EndProject
Global
	GlobalSection(SolutionConfigurationPlatforms) = preSolution
		Debug|Any CPU = Debug|Any CPU
		Release|Any CPU = Release|Any CPU
	EndGlobalSection
	GlobalSection(ProjectConfigurationPlatforms) = postSolution
		{4DF1AE52-E3B6-4EE2-8A36-3B02F61BB4C3}.Debug|Any CPU.ActiveCfg = Debug|Any CPU
		{4DF1AE52-E3B6-4EE2-8A36-3B02F61BB4C3}.Debug|Any CPU.Build.0 = Debug|Any CPU
		{4DF1AE52-E3B6-4EE2-8A36-3B02F61BB4C3}.Release|Any CPU.ActiveCfg = Release|Any CPU
		{4DF1AE52-E3B6-4EE2-8A36-3B02F61BB4C3}.Release|Any CPU.Build.0 = Release|Any CPU
		{D8E090B9-910A-4E0B-AB55-1E10A96B48EB}.Debug|Any CPU.ActiveCfg = Debug|Any CPU
		{D8E090B9-910A-4E0B-AB55-1E10A96B48EB}.Debug|Any CPU.Build.0 = Debug|Any CPU
		{D8E090B9-910A-4E0B-AB55-1E10A96B48EB}.Release|Any CPU.ActiveCfg = Release|Any CPU
		{D8E090B9-910A-4E0B-AB55-1E10A96B48EB}.Release|Any CPU.Build.0 = Release|Any CPU
		{E4C9B3DD-75F0-4550-8442-56D677FF6D14}.Debug|Any CPU.ActiveCfg = Debug|Any CPU
		{E4C9B3DD-75F0-4550-8442-56D677FF6D14}.Debug|Any CPU.Build.0 = Debug|Any CPU
		{E4C9B3DD-75F0-4550-8442-56D677FF6D14}.Release|Any CPU.ActiveCfg = Release|Any CPU
		{E4C9B3DD-75F0-4550-8442-56D677FF6D14}.Release|Any CPU.Build.0 = Release|Any CPU
	EndGlobalSection
	GlobalSection(SolutionProperties) = preSolution
		HideSolutionNode = FALSE
	EndGlobalSection
EndGlobal
